
Microsoft Visual Studio Solution File, Format Version 12.00
# Visual Studio Version 17
VisualStudioVersion = 17.4.33103.184
MinimumVisualStudioVersion = 10.0.40219.1
Project("{FAE04EC0-301F-11D3-BF4B-00C04F79EFBC}") = "BNDProd", "BNDProd\BNDProd.csproj", "{05F05513-E5C1-446F-8D14-345CAAF88EC4}"
EndProject
Global
	GlobalSection(SolutionConfigurationPlatforms) = preSolution
		Debug|Any CPU = Debug|Any CPU
		Release|Any CPU = Release|Any CPU
	EndGlobalSection
	GlobalSection(ProjectConfigurationPlatforms) = postSolution
		{05F05513-E5C1-446F-8D14-345CAAF88EC4}.Debug|Any CPU.ActiveCfg = Debug|Any CPU
		{05F05513-E5C1-446F-8D14-345CAAF88EC4}.Debug|Any CPU.Build.0 = Debug|Any CPU
		{05F05513-E5C1-446F-8D14-345CAAF88EC4}.Release|Any CPU.ActiveCfg = Release|Any CPU
		{05F05513-E5C1-446F-8D14-345CAAF88EC4}.Release|Any CPU.Build.0 = Release|Any CPU
	EndGlobalSection
	GlobalSection(SolutionProperties) = preSolution
		HideSolutionNode = FALSE
	EndGlobalSection
	GlobalSection(ExtensibilityGlobals) = postSolution
		SolutionGuid = {743BD072-AAE0-4FB5-9EB5-9FA1D0D14003}
	EndGlobalSection
EndGlobal
