
Microsoft Visual Studio Solution File, Format Version 12.00
# Visual Studio Version 17
VisualStudioVersion = 17.5.33424.131
MinimumVisualStudioVersion = 10.0.40219.1
Project("{FAE04EC0-301F-11D3-BF4B-00C04F79EFBC}") = "fail", "fail\fail.csproj", "{95BCCCB7-883F-4765-902E-9F2F797E4119}"
EndProject
Global
	GlobalSection(SolutionConfigurationPlatforms) = preSolution
		Debug|Any CPU = Debug|Any CPU
		Release|Any CPU = Release|Any CPU
	EndGlobalSection
	GlobalSection(ProjectConfigurationPlatforms) = postSolution
		{95BCCCB7-883F-4765-902E-9F2F797E4119}.Debug|Any CPU.ActiveCfg = Debug|Any CPU
		{95BCCCB7-883F-4765-902E-9F2F797E4119}.Debug|Any CPU.Build.0 = Debug|Any CPU
		{95BCCCB7-883F-4765-902E-9F2F797E4119}.Release|Any CPU.ActiveCfg = Release|Any CPU
		{95BCCCB7-883F-4765-902E-9F2F797E4119}.Release|Any CPU.Build.0 = Release|Any CPU
	EndGlobalSection
	GlobalSection(SolutionProperties) = preSolution
		HideSolutionNode = FALSE
	EndGlobalSection
	GlobalSection(ExtensibilityGlobals) = postSolution
		SolutionGuid = {0E06E001-8673-45F6-9D67-674E8C1546E3}
	EndGlobalSection
EndGlobal
